// !$*UTF8*$!
{
	archiveVersion = 1;
	classes = {
	};
	objectVersion = 46;
	objects = {

/* Begin PBXBuildFile section */
		3DFAAEBC1E14EBB60034645D /* main.m in Sources */ = {isa = PBXBuildFile; fileRef = 3DFAAEBB1E14EBB60034645D /* main.m */; };
		3DFAAEBF1E14EBB60034645D /* AppDelegate.m in Sources */ = {isa = PBXBuildFile; fileRef = 3DFAAEBE1E14EBB60034645D /* AppDelegate.m */; };
		3DFAAEC21E14EBB60034645D /* ViewController.m in Sources */ = {isa = PBXBuildFile; fileRef = 3DFAAEC11E14EBB60034645D /* ViewController.m */; };
		3DFAAEC51E14EBB60034645D /* Main.storyboard in Resources */ = {isa = PBXBuildFile; fileRef = 3DFAAEC31E14EBB60034645D /* Main.storyboard */; };
		3DFAAEC81E14EBB60034645D /* ADEMO.xcdatamodeld in Sources */ = {isa = PBXBuildFile; fileRef = 3DFAAEC61E14EBB60034645D /* ADEMO.xcdatamodeld */; };
		3DFAAECA1E14EBB60034645D /* Assets.xcassets in Resources */ = {isa = PBXBuildFile; fileRef = 3DFAAEC91E14EBB60034645D /* Assets.xcassets */; };
		3DFAAECD1E14EBB60034645D /* LaunchScreen.storyboard in Resources */ = {isa = PBXBuildFile; fileRef = 3DFAAECB1E14EBB60034645D /* LaunchScreen.storyboard */; };
/* End PBXBuildFile section */

/* Begin PBXFileReference section */
		3DFAAEB71E14EBB60034645D /* ADEMO.app */ = {isa = PBXFileReference; explicitFileType = wrapper.application; includeInIndex = 0; path = ADEMO.app; sourceTree = BUILT_PRODUCTS_DIR; };
		3DFAAEBB1E14EBB60034645D /* main.m */ = {isa = PBXFileReference; lastKnownFileType = sourcecode.c.objc; path = main.m; sourceTree = "<group>"; };
		3DFAAEBD1E14EBB60034645D /* AppDelegate.h */ = {isa = PBXFileReference; lastKnownFileType = sourcecode.c.h; path = AppDelegate.h; sourceTree = "<group>"; };
		3DFAAEBE1E14EBB60034645D /* AppDelegate.m */ = {isa = PBXFileReference; lastKnownFileType = sourcecode.c.objc; path = AppDelegate.m; sourceTree = "<group>"; };
		3DFAAEC01E14EBB60034645D /* ViewController.h */ = {isa = PBXFileReference; lastKnownFileType = sourcecode.c.h; path = ViewController.h; sourceTree = "<group>"; };
		3DFAAEC11E14EBB60034645D /* ViewController.m */ = {isa = PBXFileReference; lastKnownFileType = sourcecode.c.objc; path = ViewController.m; sourceTree = "<group>"; };
		3DFAAEC41E14EBB60034645D /* Base */ = {isa = PBXFileReference; lastKnownFileType = file.storyboard; name = Base; path = Base.lproj/Main.storyboard; sourceTree = "<group>"; };
		3DFAAEC71E14EBB60034645D /* ADEMO.xcdatamodel */ = {isa = PBXFileReference; lastKnownFileType = wrapper.xcdatamodel; path = ADEMO.xcdatamodel; sourceTree = "<group>"; };
		3DFAAEC91E14EBB60034645D /* Assets.xcassets */ = {isa = PBXFileReference; lastKnownFileType = folder.assetcatalog; path = Assets.xcassets; sourceTree = "<group>"; };
		3DFAAECC1E14EBB60034645D /* Base */ = {isa = PBXFileReference; lastKnownFileType = file.storyboard; name = Base; path = Base.lproj/LaunchScreen.storyboard; sourceTree = "<group>"; };
		3DFAAECE1E14EBB60034645D /* Info.plist */ = {isa = PBXFileReference; lastKnownFileType = text.plist.xml; path = Info.plist; sourceTree = "<group>"; };
/* End PBXFileReference section */

/* Begin PBXFrameworksBuildPhase section */
		3DFAAEB41E14EBB60034645D /* Frameworks */ = {
			isa = PBXFrameworksBuildPhase;
			buildActionMask = 2147483647;
			files = (
			);
			runOnlyForDeploymentPostprocessing = 0;
		};
/* End PBXFrameworksBuildPhase section */

/* Begin PBXGroup section */
		3DFAAEAE1E14EBB60034645D = {
			isa = PBXGroup;
			children = (
				3DFAAEB91E14EBB60034645D /* ADEMO */,
				3DFAAEB81E14EBB60034645D /* Products */,
			);
			sourceTree = "<group>";
		};
		3DFAAEB81E14EBB60034645D /* Products */ = {
			isa = PBXGroup;
			children = (
				3DFAAEB71E14EBB60034645D /* ADEMO.app */,
			);
			name = Products;
			sourceTree = "<group>";
		};
		3DFAAEB91E14EBB60034645D /* ADEMO */ = {
			isa = PBXGroup;
			children = (
				3DFAAEBD1E14EBB60034645D /* AppDelegate.h */,
				3DFAAEBE1E14EBB60034645D /* AppDelegate.m */,
				3DFAAEC01E14EBB60034645D /* ViewController.h */,
				3DFAAEC11E14EBB60034645D /* ViewController.m */,
				3DFAAEC31E14EBB60034645D /* Main.storyboard */,
				3DFAAEC91E14EBB60034645D /* Assets.xcassets */,
				3DFAAECB1E14EBB60034645D /* LaunchScreen.storyboard */,
				3DFAAECE1E14EBB60034645D /* Info.plist */,
				3DFAAEC61E14EBB60034645D /* ADEMO.xcdatamodeld */,
				3DFAAEBA1E14EBB60034645D /* Supporting Files */,
			);
			path = ADEMO;
			sourceTree = "<group>";
		};
		3DFAAEBA1E14EBB60034645D /* Supporting Files */ = {
			isa = PBXGroup;
			children = (
				3DFAAEBB1E14EBB60034645D /* main.m */,
			);
			name = "Supporting Files";
			sourceTree = "<group>";
		};
/* End PBXGroup section */

/* Begin PBXNativeTarget section */
		3DFAAEB61E14EBB60034645D /* ADEMO */ = {
			isa = PBXNativeTarget;
			buildConfigurationList = 3DFAAED11E14EBB60034645D /* Build configuration list for PBXNativeTarget "ADEMO" */;
			buildPhases = (
				3DFAAEB31E14EBB60034645D /* Sources */,
				3DFAAEB41E14EBB60034645D /* Frameworks */,
				3DFAAEB51E14EBB60034645D /* Resources */,
			);
			buildRules = (
			);
			dependencies = (
			);
			name = ADEMO;
			productName = ADEMO;
			productReference = 3DFAAEB71E14EBB60034645D /* ADEMO.app */;
			productType = "com.apple.product-type.application";
		};
/* End PBXNativeTarget section */

/* Begin PBXProject section */
		3DFAAEAF1E14EBB60034645D /* Project object */ = {
			isa = PBXProject;
			attributes = {
				LastUpgradeCheck = 0810;
				ORGANIZATIONNAME = william;
				TargetAttributes = {
					3DFAAEB61E14EBB60034645D = {
						CreatedOnToolsVersion = 8.1;
						DevelopmentTeam = 8YF6WE9A9J;
						ProvisioningStyle = Manual;
					};
				};
			};
			buildConfigurationList = 3DFAAEB21E14EBB60034645D /* Build configuration list for PBXProject "ADEMO" */;
			compatibilityVersion = "Xcode 3.2";
			developmentRegion = English;
			hasScannedForEncodings = 0;
			knownRegions = (
				en,
				Base,
			);
			mainGroup = 3DFAAEAE1E14EBB60034645D;
			productRefGroup = 3DFAAEB81E14EBB60034645D /* Products */;
			projectDirPath = "";
			projectRoot = "";
			targets = (
				3DFAAEB61E14EBB60034645D /* ADEMO */,
			);
		};
/* End PBXProject section */

/* Begin PBXResourcesBuildPhase section */
		3DFAAEB51E14EBB60034645D /* Resources */ = {
			isa = PBXResourcesBuildPhase;
			buildActionMask = 2147483647;
			files = (
				3DFAAECD1E14EBB60034645D /* LaunchScreen.storyboard in Resources */,
				3DFAAECA1E14EBB60034645D /* Assets.xcassets in Resources */,
				3DFAAEC51E14EBB60034645D /* Main.storyboard in Resources */,
			);
			runOnlyForDeploymentPostprocessing = 0;
		};
/* End PBXResourcesBuildPhase section */

/* Begin PBXSourcesBuildPhase section */
		3DFAAEB31E14EBB60034645D /* Sources */ = {
			isa = PBXSourcesBuildPhase;
			buildActionMask = 2147483647;
			files = (
				3DFAAEC81E14EBB60034645D /* ADEMO.xcdatamodeld in Sources */,
				3DFAAEC21E14EBB60034645D /* ViewController.m in Sources */,
				3DFAAEBF1E14EBB60034645D /* AppDelegate.m in Sources */,
				3DFAAEBC1E14EBB60034645D /* main.m in Sources */,
			);
			runOnlyForDeploymentPostprocessing = 0;
		};
/* End PBXSourcesBuildPhase section */

/* Begin PBXVariantGroup section */
		3DFAAEC31E14EBB60034645D /* Main.storyboard */ = {
			isa = PBXVariantGroup;
			children = (
				3DFAAEC41E14EBB60034645D /* Base */,
			);
			name = Main.storyboard;
			sourceTree = "<group>";
		};
		3DFAAECB1E14EBB60034645D /* LaunchScreen.storyboard */ = {
			isa = PBXVariantGroup;
			children = (
				3DFAAECC1E14EBB60034645D /* Base */,
			);
			name = LaunchScreen.storyboard;
			sourceTree = "<group>";
		};
/* End PBXVariantGroup section */

/* Begin XCBuildConfiguration section */
		3DFAAECF1E14EBB60034645D /* Debug */ = {
			isa = XCBuildConfiguration;
			buildSettings = {
				ALWAYS_SEARCH_USER_PATHS = NO;
				CLANG_ANALYZER_NONNULL = YES;
				CLANG_CXX_LANGUAGE_STANDARD = "gnu++0x";
				CLANG_CXX_LIBRARY = "libc++";
				CLANG_ENABLE_MODULES = YES;
				CLANG_ENABLE_OBJC_ARC = YES;
				CLANG_WARN_BOOL_CONVERSION = YES;
				CLANG_WARN_CONSTANT_CONVERSION = YES;
				CLANG_WARN_DIRECT_OBJC_ISA_USAGE = YES_ERROR;
				CLANG_WARN_DOCUMENTATION_COMMENTS = YES;
				CLANG_WARN_EMPTY_BODY = YES;
				CLANG_WARN_ENUM_CONVERSION = YES;
				CLANG_WARN_INFINITE_RECURSION = YES;
				CLANG_WARN_INT_CONVERSION = YES;
				CLANG_WARN_OBJC_ROOT_CLASS = YES_ERROR;
				CLANG_WARN_SUSPICIOUS_MOVES = YES;
				CLANG_WARN_UNREACHABLE_CODE = YES;
				CLANG_WARN__DUPLICATE_METHOD_MATCH = YES;
				"CODE_SIGN_IDENTITY[sdk=iphoneos*]" = "iPhone Developer";
				COPY_PHASE_STRIP = NO;
				DEBUG_INFORMATION_FORMAT = dwarf;
				ENABLE_STRICT_OBJC_MSGSEND = YES;
				ENABLE_TESTABILITY = YES;
				GCC_C_LANGUAGE_STANDARD = gnu99;
				GCC_DYNAMIC_NO_PIC = NO;
				GCC_NO_COMMON_BLOCKS = YES;
				GCC_OPTIMIZATION_LEVEL = 0;
				GCC_PREPROCESSOR_DEFINITIONS = (
					"DEBUG=1",
					"$(inherited)",
				);
				GCC_WARN_64_TO_32_BIT_CONVERSION = YES;
				GCC_WARN_ABOUT_RETURN_TYPE = YES_ERROR;
				GCC_WARN_UNDECLARED_SELECTOR = YES;
				GCC_WARN_UNINITIALIZED_AUTOS = YES_AGGRESSIVE;
				GCC_WARN_UNUSED_FUNCTION = YES;
				GCC_WARN_UNUSED_VARIABLE = YES;
				IPHONEOS_DEPLOYMENT_TARGET = 10.1;
				MTL_ENABLE_DEBUG_INFO = YES;
				ONLY_ACTIVE_ARCH = YES;
				SDKROOT = iphoneos;
			};
			name = Debug;
		};
		3DFAAED01E14EBB60034645D /* Release */ = {
			isa = XCBuildConfiguration;
			buildSettings = {
				ALWAYS_SEARCH_USER_PATHS = NO;
				CLANG_ANALYZER_NONNULL = YES;
				CLANG_CXX_LANGUAGE_STANDARD = "gnu++0x";
				CLANG_CXX_LIBRARY = "libc++";
				CLANG_ENABLE_MODULES = YES;
				CLANG_ENABLE_OBJC_ARC = YES;
				CLANG_WARN_BOOL_CONVERSION = YES;
				CLANG_WARN_CONSTANT_CONVERSION = YES;
				CLANG_WARN_DIRECT_OBJC_ISA_USAGE = YES_ERROR;
				CLANG_WARN_DOCUMENTATION_COMMENTS = YES;
				CLANG_WARN_EMPTY_BODY = YES;
				CLANG_WARN_ENUM_CONVERSION = YES;
				CLANG_WARN_INFINITE_RECURSION = YES;
				CLANG_WARN_INT_CONVERSION = YES;
				CLANG_WARN_OBJC_ROOT_CLASS = YES_ERROR;
				CLANG_WARN_SUSPICIOUS_MOVES = YES;
				CLANG_WARN_UNREACHABLE_CODE = YES;
				CLANG_WARN__DUPLICATE_METHOD_MATCH = YES;
				"CODE_SIGN_IDENTITY[sdk=iphoneos*]" = "iPhone Developer";
				COPY_PHASE_STRIP = NO;
				DEBUG_INFORMATION_FORMAT = "dwarf-with-dsym";
				ENABLE_NS_ASSERTIONS = NO;
				ENABLE_STRICT_OBJC_MSGSEND = YES;
				GCC_C_LANGUAGE_STANDARD = gnu99;
				GCC_NO_COMMON_BLOCKS = YES;
				GCC_WARN_64_TO_32_BIT_CONVERSION = YES;
				GCC_WARN_ABOUT_RETURN_TYPE = YES_ERROR;
				GCC_WARN_UNDECLARED_SELECTOR = YES;
				GCC_WARN_UNINITIALIZED_AUTOS = YES_AGGRESSIVE;
				GCC_WARN_UNUSED_FUNCTION = YES;
				GCC_WARN_UNUSED_VARIABLE = YES;
				IPHONEOS_DEPLOYMENT_TARGET = 10.1;
				MTL_ENABLE_DEBUG_INFO = NO;
				SDKROOT = iphoneos;
				VALIDATE_PRODUCT = YES;
			};
			name = Release;
		};
		3DFAAED21E14EBB60034645D /* Debug */ = {
			isa = XCBuildConfiguration;
			buildSettings = {
				ASSETCATALOG_COMPILER_APPICON_NAME = AppIcon;
				"CODE_SIGN_IDENTITY[sdk=iphoneos*]" = "iPhone Developer";
				DEVELOPMENT_TEAM = 8YF6WE9A9J;
				INFOPLIST_FILE = ADEMO/Info.plist;
				LD_RUNPATH_SEARCH_PATHS = "$(inherited) @executable_path/Frameworks";
				PRODUCT_BUNDLE_IDENTIFIER = com.trs.ademo;
				PRODUCT_NAME = "$(TARGET_NAME)";
				PROVISIONING_PROFILE = "16e8619d-b234-4ad4-95d1-eb0d4912ee59";
				PROVISIONING_PROFILE_SPECIFIER = wild_develop_provision;
			};
			name = Debug;
		};
		3DFAAED31E14EBB60034645D /* Release */ = {
			isa = XCBuildConfiguration;
			buildSettings = {
				ASSETCATALOG_COMPILER_APPICON_NAME = AppIcon;
				"CODE_SIGN_IDENTITY[sdk=iphoneos*]" = "iPhone Distribution";
				DEVELOPMENT_TEAM = 8YF6WE9A9J;
				INFOPLIST_FILE = ADEMO/Info.plist;
				LD_RUNPATH_SEARCH_PATHS = "$(inherited) @executable_path/Frameworks";
				PRODUCT_BUNDLE_IDENTIFIER = com.trs.ademo;
				PRODUCT_NAME = "$(TARGET_NAME)";
				PROVISIONING_PROFILE = "f7693792-8cc0-4971-8d2d-e2e294788235";
				PROVISIONING_PROFILE_SPECIFIER = "XC iOS Ad Hoc: *";
			};
			name = Release;
		};
/* End XCBuildConfiguration section */

/* Begin XCConfigurationList section */
		3DFAAEB21E14EBB60034645D /* Build configuration list for PBXProject "ADEMO" */ = {
			isa = XCConfigurationList;
			buildConfigurations = (
				3DFAAECF1E14EBB60034645D /* Debug */,
				3DFAAED01E14EBB60034645D /* Release */,
			);
			defaultConfigurationIsVisible = 0;
			defaultConfigurationName = Release;
		};
		3DFAAED11E14EBB60034645D /* Build configuration list for PBXNativeTarget "ADEMO" */ = {
			isa = XCConfigurationList;
			buildConfigurations = (
				3DFAAED21E14EBB60034645D /* Debug */,
				3DFAAED31E14EBB60034645D /* Release */,
			);
			defaultConfigurationIsVisible = 0;
			defaultConfigurationName = Release;
		};
/* End XCConfigurationList section */

/* Begin XCVersionGroup section */
		3DFAAEC61E14EBB60034645D /* ADEMO.xcdatamodeld */ = {
			isa = XCVersionGroup;
			children = (
				3DFAAEC71E14EBB60034645D /* ADEMO.xcdatamodel */,
			);
			currentVersion = 3DFAAEC71E14EBB60034645D /* ADEMO.xcdatamodel */;
			path = ADEMO.xcdatamodeld;
			sourceTree = "<group>";
			versionGroupType = wrapper.xcdatamodel;
		};
/* End XCVersionGroup section */
	};
	rootObject = 3DFAAEAF1E14EBB60034645D /* Project object */;
}
